// !$*UTF8*$!
{
	archiveVersion = 1;
	classes = {
	};
	objectVersion = 56;
	objects = {

/* Begin PBXBuildFile section */
		EB7448492AD4436900F9804A /* AppFitnessApp.swift in Sources */ = {isa = PBXBuildFile; fileRef = EB7448482AD4436900F9804A /* AppFitnessApp.swift */; };
		EB74484B2AD4436900F9804A /* ContentView.swift in Sources */ = {isa = PBXBuildFile; fileRef = EB74484A2AD4436900F9804A /* ContentView.swift */; };
		EB74484D2AD4436A00F9804A /* Assets.xcassets in Resources */ = {isa = PBXBuildFile; fileRef = EB74484C2AD4436A00F9804A /* Assets.xcassets */; };
		EB7448502AD4436A00F9804A /* Preview Assets.xcassets in Resources */ = {isa = PBXBuildFile; fileRef = EB74484F2AD4436A00F9804A /* Preview Assets.xcassets */; };
		EB7448582AD4446000F9804A /* ExerciseEntryView.swift in Sources */ = {isa = PBXBuildFile; fileRef = EB7448572AD4446000F9804A /* ExerciseEntryView.swift */; };
		EB74485A2AD4456100F9804A /* StatisticsView.swift in Sources */ = {isa = PBXBuildFile; fileRef = EB7448592AD4456100F9804A /* StatisticsView.swift */; };
		EB74485C2AD4467E00F9804A /* PersonalInfoView.swift in Sources */ = {isa = PBXBuildFile; fileRef = EB74485B2AD4467E00F9804A /* PersonalInfoView.swift */; };
		EB74485E2AD44A0300F9804A /* ConfirmationView.swift in Sources */ = {isa = PBXBuildFile; fileRef = EB74485D2AD44A0300F9804A /* ConfirmationView.swift */; };
		EB7448602AD4547100F9804A /* ExerciseRegistrationView.swift in Sources */ = {isa = PBXBuildFile; fileRef = EB74485F2AD4547100F9804A /* ExerciseRegistrationView.swift */; };
		EB7448622AD461CA00F9804A /* Exercise.swift in Sources */ = {isa = PBXBuildFile; fileRef = EB7448612AD461CA00F9804A /* Exercise.swift */; };
		EB7448682AD4998E00F9804A /* ExerciseRowView.swift in Sources */ = {isa = PBXBuildFile; fileRef = EB7448672AD4998E00F9804A /* ExerciseRowView.swift */; };
		EB74486A2AD499AD00F9804A /* ExerciseDetailView.swift in Sources */ = {isa = PBXBuildFile; fileRef = EB7448692AD499AD00F9804A /* ExerciseDetailView.swift */; };
		EB986F332B19D5F10061B2BC /* FitnessAppModel.xcdatamodeld in Sources */ = {isa = PBXBuildFile; fileRef = EB986F312B19D5F10061B2BC /* FitnessAppModel.xcdatamodeld */; };
		EB986F352B19D8A00061B2BC /* ExerciseStore.swift in Sources */ = {isa = PBXBuildFile; fileRef = EB986F342B19D8A00061B2BC /* ExerciseStore.swift */; };
		EB986F372B19DC1C0061B2BC /* PersistenceController.swift in Sources */ = {isa = PBXBuildFile; fileRef = EB986F362B19DC1C0061B2BC /* PersistenceController.swift */; };
		EBD9C2F42B2096AD004E606F /* SplashView.swift in Sources */ = {isa = PBXBuildFile; fileRef = EBD9C2F32B2096AD004E606F /* SplashView.swift */; };
/* End PBXBuildFile section */

/* Begin PBXFileReference section */
		EB7448452AD4436900F9804A /* AppFitness.app */ = {isa = PBXFileReference; explicitFileType = wrapper.application; includeInIndex = 0; path = AppFitness.app; sourceTree = BUILT_PRODUCTS_DIR; };
		EB7448482AD4436900F9804A /* AppFitnessApp.swift */ = {isa = PBXFileReference; lastKnownFileType = sourcecode.swift; path = AppFitnessApp.swift; sourceTree = "<group>"; };
		EB74484A2AD4436900F9804A /* ContentView.swift */ = {isa = PBXFileReference; lastKnownFileType = sourcecode.swift; path = ContentView.swift; sourceTree = "<group>"; };
		EB74484C2AD4436A00F9804A /* Assets.xcassets */ = {isa = PBXFileReference; lastKnownFileType = folder.assetcatalog; path = Assets.xcassets; sourceTree = "<group>"; };
		EB74484F2AD4436A00F9804A /* Preview Assets.xcassets */ = {isa = PBXFileReference; lastKnownFileType = folder.assetcatalog; path = "Preview Assets.xcassets"; sourceTree = "<group>"; };
		EB7448572AD4446000F9804A /* ExerciseEntryView.swift */ = {isa = PBXFileReference; lastKnownFileType = sourcecode.swift; path = ExerciseEntryView.swift; sourceTree = "<group>"; };
		EB7448592AD4456100F9804A /* StatisticsView.swift */ = {isa = PBXFileReference; lastKnownFileType = sourcecode.swift; path = StatisticsView.swift; sourceTree = "<group>"; };
		EB74485B2AD4467E00F9804A /* PersonalInfoView.swift */ = {isa = PBXFileReference; lastKnownFileType = sourcecode.swift; path = PersonalInfoView.swift; sourceTree = "<group>"; };
		EB74485D2AD44A0300F9804A /* ConfirmationView.swift */ = {isa = PBXFileReference; lastKnownFileType = sourcecode.swift; path = ConfirmationView.swift; sourceTree = "<group>"; };
		EB74485F2AD4547100F9804A /* ExerciseRegistrationView.swift */ = {isa = PBXFileReference; lastKnownFileType = sourcecode.swift; path = ExerciseRegistrationView.swift; sourceTree = "<group>"; };
		EB7448612AD461CA00F9804A /* Exercise.swift */ = {isa = PBXFileReference; lastKnownFileType = sourcecode.swift; path = Exercise.swift; sourceTree = "<group>"; };
		EB7448672AD4998E00F9804A /* ExerciseRowView.swift */ = {isa = PBXFileReference; lastKnownFileType = sourcecode.swift; path = ExerciseRowView.swift; sourceTree = "<group>"; };
		EB7448692AD499AD00F9804A /* ExerciseDetailView.swift */ = {isa = PBXFileReference; lastKnownFileType = sourcecode.swift; path = ExerciseDetailView.swift; sourceTree = "<group>"; };
		EB986F322B19D5F10061B2BC /* FitnessAppModel.xcdatamodel */ = {isa = PBXFileReference; lastKnownFileType = wrapper.xcdatamodel; path = FitnessAppModel.xcdatamodel; sourceTree = "<group>"; };
		EB986F342B19D8A00061B2BC /* ExerciseStore.swift */ = {isa = PBXFileReference; lastKnownFileType = sourcecode.swift; path = ExerciseStore.swift; sourceTree = "<group>"; };
		EB986F362B19DC1C0061B2BC /* PersistenceController.swift */ = {isa = PBXFileReference; lastKnownFileType = sourcecode.swift; path = PersistenceController.swift; sourceTree = "<group>"; };
		EBD9C2F32B2096AD004E606F /* SplashView.swift */ = {isa = PBXFileReference; lastKnownFileType = sourcecode.swift; path = SplashView.swift; sourceTree = "<group>"; };
/* End PBXFileReference section */

/* Begin PBXFrameworksBuildPhase section */
		EB7448422AD4436900F9804A /* Frameworks */ = {
			isa = PBXFrameworksBuildPhase;
			buildActionMask = 2147483647;
			files = (
			);
			runOnlyForDeploymentPostprocessing = 0;
		};
/* End PBXFrameworksBuildPhase section */

/* Begin PBXGroup section */
		EB74483C2AD4436900F9804A = {
			isa = PBXGroup;
			children = (
				EB986F312B19D5F10061B2BC /* FitnessAppModel.xcdatamodeld */,
				EB7448482AD4436900F9804A /* AppFitnessApp.swift */,
				EB986F362B19DC1C0061B2BC /* PersistenceController.swift */,
				EB74484C2AD4436A00F9804A /* Assets.xcassets */,
				EB7448472AD4436900F9804A /* AppFitness */,
				EB7448462AD4436900F9804A /* Products */,
			);
			sourceTree = "<group>";
		};
		EB7448462AD4436900F9804A /* Products */ = {
			isa = PBXGroup;
			children = (
				EB7448452AD4436900F9804A /* AppFitness.app */,
			);
			name = Products;
			sourceTree = "<group>";
		};
		EB7448472AD4436900F9804A /* AppFitness */ = {
			isa = PBXGroup;
			children = (
				EB8980242B23186300608174 /* Models */,
				EB7448562AD4443700F9804A /* Views */,
				EB74484E2AD4436A00F9804A /* Preview Content */,
			);
			path = AppFitness;
			sourceTree = "<group>";
		};
		EB74484E2AD4436A00F9804A /* Preview Content */ = {
			isa = PBXGroup;
			children = (
				EB74484F2AD4436A00F9804A /* Preview Assets.xcassets */,
			);
			path = "Preview Content";
			sourceTree = "<group>";
		};
		EB7448562AD4443700F9804A /* Views */ = {
			isa = PBXGroup;
			children = (
				EB8980252B231AFF00608174 /* Tools */,
				EB8980262B231B2D00608174 /* Home */,
				EB8980272B231B3B00608174 /* Exercise */,
				EB8980282B231B5600608174 /* Statistics */,
				EB8980292B231B6400608174 /* PersonalInfo */,
			);
			path = Views;
			sourceTree = "<group>";
		};
		EB8980242B23186300608174 /* Models */ = {
			isa = PBXGroup;
			children = (
				EB7448612AD461CA00F9804A /* Exercise.swift */,
				EB986F342B19D8A00061B2BC /* ExerciseStore.swift */,
			);
			path = Models;
			sourceTree = "<group>";
		};
		EB8980252B231AFF00608174 /* Tools */ = {
			isa = PBXGroup;
			children = (
				EBD9C2F32B2096AD004E606F /* SplashView.swift */,
				EB74485D2AD44A0300F9804A /* ConfirmationView.swift */,
			);
			path = Tools;
			sourceTree = "<group>";
		};
		EB8980262B231B2D00608174 /* Home */ = {
			isa = PBXGroup;
			children = (
				EB74484A2AD4436900F9804A /* ContentView.swift */,
			);
			path = Home;
			sourceTree = "<group>";
		};
		EB8980272B231B3B00608174 /* Exercise */ = {
			isa = PBXGroup;
			children = (
				EB7448572AD4446000F9804A /* ExerciseEntryView.swift */,
				EB74485F2AD4547100F9804A /* ExerciseRegistrationView.swift */,
				EB7448672AD4998E00F9804A /* ExerciseRowView.swift */,
				EB7448692AD499AD00F9804A /* ExerciseDetailView.swift */,
			);
			path = Exercise;
			sourceTree = "<group>";
		};
		EB8980282B231B5600608174 /* Statistics */ = {
			isa = PBXGroup;
			children = (
				EB7448592AD4456100F9804A /* StatisticsView.swift */,
			);
			path = Statistics;
			sourceTree = "<group>";
		};
		EB8980292B231B6400608174 /* PersonalInfo */ = {
			isa = PBXGroup;
			children = (
				EB74485B2AD4467E00F9804A /* PersonalInfoView.swift */,
			);
			path = PersonalInfo;
			sourceTree = "<group>";
		};
/* End PBXGroup section */

/* Begin PBXNativeTarget section */
		EB7448442AD4436900F9804A /* AppFitness */ = {
			isa = PBXNativeTarget;
			buildConfigurationList = EB7448532AD4436A00F9804A /* Build configuration list for PBXNativeTarget "AppFitness" */;
			buildPhases = (
				EB7448412AD4436900F9804A /* Sources */,
				EB7448422AD4436900F9804A /* Frameworks */,
				EB7448432AD4436900F9804A /* Resources */,
			);
			buildRules = (
			);
			dependencies = (
			);
			name = AppFitness;
			productName = AppFitness;
			productReference = EB7448452AD4436900F9804A /* AppFitness.app */;
			productType = "com.apple.product-type.application";
		};
/* End PBXNativeTarget section */

/* Begin PBXProject section */
		EB74483D2AD4436900F9804A /* Project object */ = {
			isa = PBXProject;
			attributes = {
				BuildIndependentTargetsInParallel = 1;
				LastSwiftUpdateCheck = 1500;
				LastUpgradeCheck = 1500;
				TargetAttributes = {
					EB7448442AD4436900F9804A = {
						CreatedOnToolsVersion = 15.0;
					};
				};
			};
			buildConfigurationList = EB7448402AD4436900F9804A /* Build configuration list for PBXProject "AppFitness" */;
			compatibilityVersion = "Xcode 14.0";
			developmentRegion = en;
			hasScannedForEncodings = 0;
			knownRegions = (
				en,
				Base,
			);
			mainGroup = EB74483C2AD4436900F9804A;
			productRefGroup = EB7448462AD4436900F9804A /* Products */;
			projectDirPath = "";
			projectRoot = "";
			targets = (
				EB7448442AD4436900F9804A /* AppFitness */,
			);
		};
/* End PBXProject section */

/* Begin PBXResourcesBuildPhase section */
		EB7448432AD4436900F9804A /* Resources */ = {
			isa = PBXResourcesBuildPhase;
			buildActionMask = 2147483647;
			files = (
				EB7448502AD4436A00F9804A /* Preview Assets.xcassets in Resources */,
				EB74484D2AD4436A00F9804A /* Assets.xcassets in Resources */,
			);
			runOnlyForDeploymentPostprocessing = 0;
		};
/* End PBXResourcesBuildPhase section */

/* Begin PBXSourcesBuildPhase section */
		EB7448412AD4436900F9804A /* Sources */ = {
			isa = PBXSourcesBuildPhase;
			buildActionMask = 2147483647;
			files = (
				EB7448682AD4998E00F9804A /* ExerciseRowView.swift in Sources */,
				EB74486A2AD499AD00F9804A /* ExerciseDetailView.swift in Sources */,
				EB74485C2AD4467E00F9804A /* PersonalInfoView.swift in Sources */,
				EB7448622AD461CA00F9804A /* Exercise.swift in Sources */,
				EB74485E2AD44A0300F9804A /* ConfirmationView.swift in Sources */,
				EB74484B2AD4436900F9804A /* ContentView.swift in Sources */,
				EB74485A2AD4456100F9804A /* StatisticsView.swift in Sources */,
				EB7448582AD4446000F9804A /* ExerciseEntryView.swift in Sources */,
				EB986F332B19D5F10061B2BC /* FitnessAppModel.xcdatamodeld in Sources */,
				EB7448492AD4436900F9804A /* AppFitnessApp.swift in Sources */,
				EB986F372B19DC1C0061B2BC /* PersistenceController.swift in Sources */,
				EB7448602AD4547100F9804A /* ExerciseRegistrationView.swift in Sources */,
				EB986F352B19D8A00061B2BC /* ExerciseStore.swift in Sources */,
				EBD9C2F42B2096AD004E606F /* SplashView.swift in Sources */,
			);
			runOnlyForDeploymentPostprocessing = 0;
		};
/* End PBXSourcesBuildPhase section */

/* Begin XCBuildConfiguration section */
		EB7448512AD4436A00F9804A /* Debug */ = {
			isa = XCBuildConfiguration;
			buildSettings = {
				ALWAYS_SEARCH_USER_PATHS = NO;
				ASSETCATALOG_COMPILER_GENERATE_SWIFT_ASSET_SYMBOL_EXTENSIONS = YES;
				CLANG_ANALYZER_NONNULL = YES;
				CLANG_ANALYZER_NUMBER_OBJECT_CONVERSION = YES_AGGRESSIVE;
				CLANG_CXX_LANGUAGE_STANDARD = "gnu++20";
				CLANG_ENABLE_MODULES = YES;
				CLANG_ENABLE_OBJC_ARC = YES;
				CLANG_ENABLE_OBJC_WEAK = YES;
				CLANG_WARN_BLOCK_CAPTURE_AUTORELEASING = YES;
				CLANG_WARN_BOOL_CONVERSION = YES;
				CLANG_WARN_COMMA = YES;
				CLANG_WARN_CONSTANT_CONVERSION = YES;
				CLANG_WARN_DEPRECATED_OBJC_IMPLEMENTATIONS = YES;
				CLANG_WARN_DIRECT_OBJC_ISA_USAGE = YES_ERROR;
				CLANG_WARN_DOCUMENTATION_COMMENTS = YES;
				CLANG_WARN_EMPTY_BODY = YES;
				CLANG_WARN_ENUM_CONVERSION = YES;
				CLANG_WARN_INFINITE_RECURSION = YES;
				CLANG_WARN_INT_CONVERSION = YES;
				CLANG_WARN_NON_LITERAL_NULL_CONVERSION = YES;
				CLANG_WARN_OBJC_IMPLICIT_RETAIN_SELF = YES;
				CLANG_WARN_OBJC_LITERAL_CONVERSION = YES;
				CLANG_WARN_OBJC_ROOT_CLASS = YES_ERROR;
				CLANG_WARN_QUOTED_INCLUDE_IN_FRAMEWORK_HEADER = YES;
				CLANG_WARN_RANGE_LOOP_ANALYSIS = YES;
				CLANG_WARN_STRICT_PROTOTYPES = YES;
				CLANG_WARN_SUSPICIOUS_MOVE = YES;
				CLANG_WARN_UNGUARDED_AVAILABILITY = YES_AGGRESSIVE;
				CLANG_WARN_UNREACHABLE_CODE = YES;
				CLANG_WARN__DUPLICATE_METHOD_MATCH = YES;
				COPY_PHASE_STRIP = NO;
				DEBUG_INFORMATION_FORMAT = dwarf;
				ENABLE_STRICT_OBJC_MSGSEND = YES;
				ENABLE_TESTABILITY = YES;
				ENABLE_USER_SCRIPT_SANDBOXING = YES;
				GCC_C_LANGUAGE_STANDARD = gnu17;
				GCC_DYNAMIC_NO_PIC = NO;
				GCC_NO_COMMON_BLOCKS = YES;
				GCC_OPTIMIZATION_LEVEL = 0;
				GCC_PREPROCESSOR_DEFINITIONS = (
					"DEBUG=1",
					"$(inherited)",
				);
				GCC_WARN_64_TO_32_BIT_CONVERSION = YES;
				GCC_WARN_ABOUT_RETURN_TYPE = YES_ERROR;
				GCC_WARN_UNDECLARED_SELECTOR = YES;
				GCC_WARN_UNINITIALIZED_AUTOS = YES_AGGRESSIVE;
				GCC_WARN_UNUSED_FUNCTION = YES;
				GCC_WARN_UNUSED_VARIABLE = YES;
				IPHONEOS_DEPLOYMENT_TARGET = 17.0;
				LOCALIZATION_PREFERS_STRING_CATALOGS = YES;
				MTL_ENABLE_DEBUG_INFO = INCLUDE_SOURCE;
				MTL_FAST_MATH = YES;
				ONLY_ACTIVE_ARCH = YES;
				SDKROOT = iphoneos;
				SWIFT_ACTIVE_COMPILATION_CONDITIONS = "DEBUG $(inherited)";
				SWIFT_OPTIMIZATION_LEVEL = "-Onone";
			};
			name = Debug;
		};
		EB7448522AD4436A00F9804A /* Release */ = {
			isa = XCBuildConfiguration;
			buildSettings = {
				ALWAYS_SEARCH_USER_PATHS = NO;
				ASSETCATALOG_COMPILER_GENERATE_SWIFT_ASSET_SYMBOL_EXTENSIONS = YES;
				CLANG_ANALYZER_NONNULL = YES;
				CLANG_ANALYZER_NUMBER_OBJECT_CONVERSION = YES_AGGRESSIVE;
				CLANG_CXX_LANGUAGE_STANDARD = "gnu++20";
				CLANG_ENABLE_MODULES = YES;
				CLANG_ENABLE_OBJC_ARC = YES;
				CLANG_ENABLE_OBJC_WEAK = YES;
				CLANG_WARN_BLOCK_CAPTURE_AUTORELEASING = YES;
				CLANG_WARN_BOOL_CONVERSION = YES;
				CLANG_WARN_COMMA = YES;
				CLANG_WARN_CONSTANT_CONVERSION = YES;
				CLANG_WARN_DEPRECATED_OBJC_IMPLEMENTATIONS = YES;
				CLANG_WARN_DIRECT_OBJC_ISA_USAGE = YES_ERROR;
				CLANG_WARN_DOCUMENTATION_COMMENTS = YES;
				CLANG_WARN_EMPTY_BODY = YES;
				CLANG_WARN_ENUM_CONVERSION = YES;
				CLANG_WARN_INFINITE_RECURSION = YES;
				CLANG_WARN_INT_CONVERSION = YES;
				CLANG_WARN_NON_LITERAL_NULL_CONVERSION = YES;
				CLANG_WARN_OBJC_IMPLICIT_RETAIN_SELF = YES;
				CLANG_WARN_OBJC_LITERAL_CONVERSION = YES;
				CLANG_WARN_OBJC_ROOT_CLASS = YES_ERROR;
				CLANG_WARN_QUOTED_INCLUDE_IN_FRAMEWORK_HEADER = YES;
				CLANG_WARN_RANGE_LOOP_ANALYSIS = YES;
				CLANG_WARN_STRICT_PROTOTYPES = YES;
				CLANG_WARN_SUSPICIOUS_MOVE = YES;
				CLANG_WARN_UNGUARDED_AVAILABILITY = YES_AGGRESSIVE;
				CLANG_WARN_UNREACHABLE_CODE = YES;
				CLANG_WARN__DUPLICATE_METHOD_MATCH = YES;
				COPY_PHASE_STRIP = NO;
				DEBUG_INFORMATION_FORMAT = "dwarf-with-dsym";
				ENABLE_NS_ASSERTIONS = NO;
				ENABLE_STRICT_OBJC_MSGSEND = YES;
				ENABLE_USER_SCRIPT_SANDBOXING = YES;
				GCC_C_LANGUAGE_STANDARD = gnu17;
				GCC_NO_COMMON_BLOCKS = YES;
				GCC_WARN_64_TO_32_BIT_CONVERSION = YES;
				GCC_WARN_ABOUT_RETURN_TYPE = YES_ERROR;
				GCC_WARN_UNDECLARED_SELECTOR = YES;
				GCC_WARN_UNINITIALIZED_AUTOS = YES_AGGRESSIVE;
				GCC_WARN_UNUSED_FUNCTION = YES;
				GCC_WARN_UNUSED_VARIABLE = YES;
				IPHONEOS_DEPLOYMENT_TARGET = 17.0;
				LOCALIZATION_PREFERS_STRING_CATALOGS = YES;
				MTL_ENABLE_DEBUG_INFO = NO;
				MTL_FAST_MATH = YES;
				SDKROOT = iphoneos;
				SWIFT_COMPILATION_MODE = wholemodule;
				VALIDATE_PRODUCT = YES;
			};
			name = Release;
		};
		EB7448542AD4436A00F9804A /* Debug */ = {
			isa = XCBuildConfiguration;
			buildSettings = {
				ASSETCATALOG_COMPILER_APPICON_NAME = AppIcon;
				ASSETCATALOG_COMPILER_GLOBAL_ACCENT_COLOR_NAME = AccentColor;
				CODE_SIGN_STYLE = Automatic;
				CURRENT_PROJECT_VERSION = 1;
				DEVELOPMENT_ASSET_PATHS = "\"AppFitness/Preview Content\"";
				DEVELOPMENT_TEAM = L7UTXGQXMV;
				ENABLE_PREVIEWS = YES;
				GENERATE_INFOPLIST_FILE = YES;
				INFOPLIST_KEY_UIApplicationSceneManifest_Generation = YES;
				INFOPLIST_KEY_UIApplicationSupportsIndirectInputEvents = YES;
				INFOPLIST_KEY_UILaunchScreen_Generation = YES;
				INFOPLIST_KEY_UISupportedInterfaceOrientations_iPad = "UIInterfaceOrientationPortrait UIInterfaceOrientationPortraitUpsideDown UIInterfaceOrientationLandscapeLeft UIInterfaceOrientationLandscapeRight";
				INFOPLIST_KEY_UISupportedInterfaceOrientations_iPhone = "UIInterfaceOrientationPortrait UIInterfaceOrientationLandscapeLeft UIInterfaceOrientationLandscapeRight";
				LD_RUNPATH_SEARCH_PATHS = (
					"$(inherited)",
					"@executable_path/Frameworks",
				);
				MARKETING_VERSION = 1.0;
				PRODUCT_BUNDLE_IDENTIFIER = Pedro.AppFitness;
				PRODUCT_NAME = "$(TARGET_NAME)";
				SWIFT_EMIT_LOC_STRINGS = YES;
				SWIFT_VERSION = 5.0;
				TARGETED_DEVICE_FAMILY = "1,2";
			};
			name = Debug;
		};
		EB7448552AD4436A00F9804A /* Release */ = {
			isa = XCBuildConfiguration;
			buildSettings = {
				ASSETCATALOG_COMPILER_APPICON_NAME = AppIcon;
				ASSETCATALOG_COMPILER_GLOBAL_ACCENT_COLOR_NAME = AccentColor;
				CODE_SIGN_STYLE = Automatic;
				CURRENT_PROJECT_VERSION = 1;
				DEVELOPMENT_ASSET_PATHS = "\"AppFitness/Preview Content\"";
				DEVELOPMENT_TEAM = L7UTXGQXMV;
				ENABLE_PREVIEWS = YES;
				GENERATE_INFOPLIST_FILE = YES;
				INFOPLIST_KEY_UIApplicationSceneManifest_Generation = YES;
				INFOPLIST_KEY_UIApplicationSupportsIndirectInputEvents = YES;
				INFOPLIST_KEY_UILaunchScreen_Generation = YES;
				INFOPLIST_KEY_UISupportedInterfaceOrientations_iPad = "UIInterfaceOrientationPortrait UIInterfaceOrientationPortraitUpsideDown UIInterfaceOrientationLandscapeLeft UIInterfaceOrientationLandscapeRight";
				INFOPLIST_KEY_UISupportedInterfaceOrientations_iPhone = "UIInterfaceOrientationPortrait UIInterfaceOrientationLandscapeLeft UIInterfaceOrientationLandscapeRight";
				LD_RUNPATH_SEARCH_PATHS = (
					"$(inherited)",
					"@executable_path/Frameworks",
				);
				MARKETING_VERSION = 1.0;
				PRODUCT_BUNDLE_IDENTIFIER = Pedro.AppFitness;
				PRODUCT_NAME = "$(TARGET_NAME)";
				SWIFT_EMIT_LOC_STRINGS = YES;
				SWIFT_VERSION = 5.0;
				TARGETED_DEVICE_FAMILY = "1,2";
			};
			name = Release;
		};
/* End XCBuildConfiguration section */

/* Begin XCConfigurationList section */
		EB7448402AD4436900F9804A /* Build configuration list for PBXProject "AppFitness" */ = {
			isa = XCConfigurationList;
			buildConfigurations = (
				EB7448512AD4436A00F9804A /* Debug */,
				EB7448522AD4436A00F9804A /* Release */,
			);
			defaultConfigurationIsVisible = 0;
			defaultConfigurationName = Release;
		};
		EB7448532AD4436A00F9804A /* Build configuration list for PBXNativeTarget "AppFitness" */ = {
			isa = XCConfigurationList;
			buildConfigurations = (
				EB7448542AD4436A00F9804A /* Debug */,
				EB7448552AD4436A00F9804A /* Release */,
			);
			defaultConfigurationIsVisible = 0;
			defaultConfigurationName = Release;
		};
/* End XCConfigurationList section */

/* Begin XCVersionGroup section */
		EB986F312B19D5F10061B2BC /* FitnessAppModel.xcdatamodeld */ = {
			isa = XCVersionGroup;
			children = (
				EB986F322B19D5F10061B2BC /* FitnessAppModel.xcdatamodel */,
			);
			currentVersion = EB986F322B19D5F10061B2BC /* FitnessAppModel.xcdatamodel */;
			path = FitnessAppModel.xcdatamodeld;
			sourceTree = "<group>";
			versionGroupType = wrapper.xcdatamodel;
		};
/* End XCVersionGroup section */
	};
	rootObject = EB74483D2AD4436900F9804A /* Project object */;
}
